{
  "name": "Fullstack_Project",
  "lockfileVersion": 3,
  "requires": true,
  "packages": {
    "": {
      "dependencies": {
        "@sentry/react": "^8.45.1",
        "@sentry/tracing": "^7.114.0"
      }
    },
    "node_modules/@sentry-internal/browser-utils": {
      "version": "8.45.1",
      "resolved": "https://registry.npmjs.org/@sentry-internal/browser-utils/-/browser-utils-8.45.1.tgz",
      "integrity": "sha512-sZwtP3zAzDsjUS7WkMW5VGbvSl7hGKTMc8gAJbpEsrybMxllIP13zzMRwpeFF11RnnvbrZ/FtAeX58Mvj0jahA==",
      "dependencies": {
        "@sentry/core": "8.45.1"
      },
      "engines": {
        "node": ">=14.18"
      }
    },
    "node_modules/@sentry-internal/feedback": {
      "version": "8.45.1",
      "resolved": "https://registry.npmjs.org/@sentry-internal/feedback/-/feedback-8.45.1.tgz",
      "integrity": "sha512-zCKptzki4SLnG+s8je8dgnppOKFjiiO4GVBc4fh7uL8zjNPBnxW8wK4SrPfAEKVYaHUzkKc5vixwUqcpmfLLGw==",
      "dependencies": {
        "@sentry/core": "8.45.1"
      },
      "engines": {
        "node": ">=14.18"
      }
    },
    "node_modules/@sentry-internal/replay": {
      "version": "8.45.1",
      "resolved": "https://registry.npmjs.org/@sentry-internal/replay/-/replay-8.45.1.tgz",
      "integrity": "sha512-cOA9CodNSR9+hmICDaGIDUvWiwxQxeMHk/esbjB8uAW8HG4CYTG3CTYTZmlmou7DuysfMd4JNuFmDFBj+YU5/A==",
      "dependencies": {
        "@sentry-internal/browser-utils": "8.45.1",
        "@sentry/core": "8.45.1"
      },
      "engines": {
        "node": ">=14.18"
      }
    },
    "node_modules/@sentry-internal/replay-canvas": {
      "version": "8.45.1",
      "resolved": "https://registry.npmjs.org/@sentry-internal/replay-canvas/-/replay-canvas-8.45.1.tgz",
      "integrity": "sha512-qiPg6XwOwkiMMe/8Qf3EhXCqkSlSnWLlorYngIbdkV2klbWjd7vKnqkFJF4PnaS0g7kkZr7nh+MdzpyLyuj2Mw==",
      "dependencies": {
        "@sentry-internal/replay": "8.45.1",
        "@sentry/core": "8.45.1"
      },
      "engines": {
        "node": ">=14.18"
      }
    },
    "node_modules/@sentry-internal/tracing": {
      "version": "7.114.0",
      "resolved": "https://registry.npmjs.org/@sentry-internal/tracing/-/tracing-7.114.0.tgz",
      "integrity": "sha512-dOuvfJN7G+3YqLlUY4HIjyWHaRP8vbOgF+OsE5w2l7ZEn1rMAaUbPntAR8AF9GBA6j2zWNoSo8e7GjbJxVofSg==",
      "dependencies": {
        "@sentry/core": "7.114.0",
        "@sentry/types": "7.114.0",
        "@sentry/utils": "7.114.0"
      },
      "engines": {
        "node": ">=8"
      }
    },
    "node_modules/@sentry-internal/tracing/node_modules/@sentry/core": {
      "version": "7.114.0",
      "resolved": "https://registry.npmjs.org/@sentry/core/-/core-7.114.0.tgz",
      "integrity": "sha512-YnanVlmulkjgZiVZ9BfY9k6I082n+C+LbZo52MTvx3FY6RE5iyiPMpaOh67oXEZRWcYQEGm+bKruRxLVP6RlbA==",
      "dependencies": {
        "@sentry/types": "7.114.0",
        "@sentry/utils": "7.114.0"
      },
      "engines": {
        "node": ">=8"
      }
    },
    "node_modules/@sentry/browser": {
      "version": "8.45.1",
      "resolved": "https://registry.npmjs.org/@sentry/browser/-/browser-8.45.1.tgz",
      "integrity": "sha512-/KvYhQSRg8m9kotG8h9FrfXCWRlebrvdfXKjj1oE9SyZ2LmR8Ze9AcEw1qzsBsa1F1D/a5FQbUJahSoLBkaQPA==",
      "dependencies": {
        "@sentry-internal/browser-utils": "8.45.1",
        "@sentry-internal/feedback": "8.45.1",
        "@sentry-internal/replay": "8.45.1",
        "@sentry-internal/replay-canvas": "8.45.1",
        "@sentry/core": "8.45.1"
      },
      "engines": {
        "node": ">=14.18"
      }
    },
    "node_modules/@sentry/core": {
      "version": "8.45.1",
      "resolved": "https://registry.npmjs.org/@sentry/core/-/core-8.45.1.tgz",
      "integrity": "sha512-1fGmkr0paZshh38mD29c4CfkRkgFoYDaAGyDLoGYfTbEph/lU8RHB2HWzN93McqNdMEhl1DRRyqIasUZoPlqSA==",
      "engines": {
        "node": ">=14.18"
      }
    },
    "node_modules/@sentry/react": {
      "version": "8.45.1",
      "resolved": "https://registry.npmjs.org/@sentry/react/-/react-8.45.1.tgz",
      "integrity": "sha512-ooMR2Lt4YSc5CMJklBKiL/mb+uidcZMpflxUvVUbtWMif+PqTUkfPRyICv6vs7muxK9i84Rr4iCkyZ4ns4H27A==",
      "dependencies": {
        "@sentry/browser": "8.45.1",
        "@sentry/core": "8.45.1",
        "hoist-non-react-statics": "^3.3.2"
      },
      "engines": {
        "node": ">=14.18"
      },
      "peerDependencies": {
        "react": "^16.14.0 || 17.x || 18.x || 19.x"
      }
    },
    "node_modules/@sentry/tracing": {
      "version": "7.114.0",
      "resolved": "https://registry.npmjs.org/@sentry/tracing/-/tracing-7.114.0.tgz",
      "integrity": "sha512-eldEYGADReZ4jWdN5u35yxLUSTOvjsiZAYd4KBEpf+Ii65n7g/kYOKAjNl7tHbrEG1EsMW4nDPWStUMk1w+tfg==",
      "dependencies": {
        "@sentry-internal/tracing": "7.114.0"
      },
      "engines": {
        "node": ">=8"
      }
    },
    "node_modules/@sentry/types": {
      "version": "7.114.0",
      "resolved": "https://registry.npmjs.org/@sentry/types/-/types-7.114.0.tgz",
      "integrity": "sha512-tsqkkyL3eJtptmPtT0m9W/bPLkU7ILY7nvwpi1hahA5jrM7ppoU0IMaQWAgTD+U3rzFH40IdXNBFb8Gnqcva4w==",
      "engines": {
        "node": ">=8"
      }
    },
    "node_modules/@sentry/utils": {
      "version": "7.114.0",
      "resolved": "https://registry.npmjs.org/@sentry/utils/-/utils-7.114.0.tgz",
      "integrity": "sha512-319N90McVpupQ6vws4+tfCy/03AdtsU0MurIE4+W5cubHME08HtiEWlfacvAxX+yuKFhvdsO4K4BB/dj54ideg==",
      "dependencies": {
        "@sentry/types": "7.114.0"
      },
      "engines": {
        "node": ">=8"
      }
    },
    "node_modules/hoist-non-react-statics": {
      "version": "3.3.2",
      "resolved": "https://registry.npmjs.org/hoist-non-react-statics/-/hoist-non-react-statics-3.3.2.tgz",
      "integrity": "sha512-/gGivxi8JPKWNm/W0jSmzcMPpfpPLc3dY/6GxhX2hQ9iGj3aDfklV4ET7NjKpSinLpJ5vafa9iiGIEZg10SfBw==",
      "dependencies": {
        "react-is": "^16.7.0"
      }
    },
    "node_modules/react": {
      "version": "19.0.0",
      "resolved": "https://registry.npmjs.org/react/-/react-19.0.0.tgz",
      "integrity": "sha512-V8AVnmPIICiWpGfm6GLzCR/W5FXLchHop40W4nXBmdlEceh16rCN8O8LNWm5bh5XUX91fh7KpA+W0TgMKmgTpQ==",
      "peer": true,
      "engines": {
        "node": ">=0.10.0"
      }
    },
    "node_modules/react-is": {
      "version": "16.13.1",
      "resolved": "https://registry.npmjs.org/react-is/-/react-is-16.13.1.tgz",
      "integrity": "sha512-24e6ynE2H+OKt4kqsOvNd8kBpV65zoxbA4BVsEOB3ARVWQki/DHzaUoC5KuON/BiccDaCCTZBuOcfZs70kR8bQ=="
    }
  }
}
